// !$*UTF8*$!
{
	archiveVersion = 1;
	classes = {
	};
	objectVersion = 56;
	objects = {

/* Begin PBXBuildFile section */
		47BDA93E2D5DF97D00A43D29 /* HelpCategoryViewController.swift in Sources */ = {isa = PBXBuildFile; fileRef = 47BDA93D2D5DF97D00A43D29 /* HelpCategoryViewController.swift */; };
		6019B9BB2D57DB6700E3F786 /* AppDelegate.swift in Sources */ = {isa = PBXBuildFile; fileRef = 6019B9BA2D57DB6700E3F786 /* AppDelegate.swift */; };
		6019B9C72D57DB6900E3F786 /* Base in Resources */ = {isa = PBXBuildFile; fileRef = 6019B9C62D57DB6900E3F786 /* Base */; };
		6019B9D42D57E0A800E3F786 /* Palette.swift in Sources */ = {isa = PBXBuildFile; fileRef = 6019B9D32D57E0A800E3F786 /* Palette.swift */; };
		6019B9D62D57E0ED00E3F786 /* Fonts.swift in Sources */ = {isa = PBXBuildFile; fileRef = 6019B9D52D57E0ED00E3F786 /* Fonts.swift */; };
		6019B9E02D57EFC500E3F786 /* CommonButton.swift in Sources */ = {isa = PBXBuildFile; fileRef = 6019B9DF2D57EFC500E3F786 /* CommonButton.swift */; };
		6019B9E62D5A9A9300E3F786 /* MainMenuViewController.swift in Sources */ = {isa = PBXBuildFile; fileRef = 6019B9BE2D57DB6700E3F786 /* MainMenuViewController.swift */; };
		6019B9E92D5A9DA000E3F786 /* AudioPlayerService.swift in Sources */ = {isa = PBXBuildFile; fileRef = 6019B9E82D5A9DA000E3F786 /* AudioPlayerService.swift */; };
		6019B9EE2D5AA10B00E3F786 /* themeOne.mp3 in Resources */ = {isa = PBXBuildFile; fileRef = 6019B9EB2D5AA10B00E3F786 /* themeOne.mp3 */; };
		6019B9EF2D5AA10B00E3F786 /* counterOne.mp3 in Resources */ = {isa = PBXBuildFile; fileRef = 6019B9EC2D5AA10B00E3F786 /* counterOne.mp3 */; };
		6019B9F02D5AA10B00E3F786 /* boomOne.mp3 in Resources */ = {isa = PBXBuildFile; fileRef = 6019B9ED2D5AA10B00E3F786 /* boomOne.mp3 */; };
		6021CEBD2D5D2C45002A8D5F /* Assets.xcassets in Resources */ = {isa = PBXBuildFile; fileRef = 7C4040CC2D5D1C9800BDCEBD /* Assets.xcassets */; };
		F33D64562D596B1700F3BBD7 /* CategoryViewController.swift in Sources */ = {isa = PBXBuildFile; fileRef = F33D64542D596B1700F3BBD7 /* CategoryViewController.swift */; };
		F33D64572D596B1700F3BBD7 /* CategoryCell.swift in Sources */ = {isa = PBXBuildFile; fileRef = F33D64552D596B1700F3BBD7 /* CategoryCell.swift */; };
		F33D64592D596B2300F3BBD7 /* Constants.swift in Sources */ = {isa = PBXBuildFile; fileRef = F33D64582D596B2300F3BBD7 /* Constants.swift */; };
		F33D645B2D596B2A00F3BBD7 /* RoundedView.swift in Sources */ = {isa = PBXBuildFile; fileRef = F33D645A2D596B2A00F3BBD7 /* RoundedView.swift */; };
		F395CF722D5BB90B007EED4E /* GameViewController.swift in Sources */ = {isa = PBXBuildFile; fileRef = F395CF712D5BB90B007EED4E /* GameViewController.swift */; };
		F395CF762D5BB970007EED4E /* Lottie in Frameworks */ = {isa = PBXBuildFile; productRef = F395CF752D5BB970007EED4E /* Lottie */; };
		F395CF7C2D5BEA95007EED4E /* bomb2.json in Resources */ = {isa = PBXBuildFile; fileRef = F395CF7B2D5BEA95007EED4E /* bomb2.json */; };
/* End PBXBuildFile section */

/* Begin PBXFileReference section */
		47BDA93D2D5DF97D00A43D29 /* HelpCategoryViewController.swift */ = {isa = PBXFileReference; lastKnownFileType = sourcecode.swift; path = HelpCategoryViewController.swift; sourceTree = "<group>"; };
		6019B9B72D57DB6700E3F786 /* BombGame.app */ = {isa = PBXFileReference; explicitFileType = wrapper.application; includeInIndex = 0; path = BombGame.app; sourceTree = BUILT_PRODUCTS_DIR; };
		6019B9BA2D57DB6700E3F786 /* AppDelegate.swift */ = {isa = PBXFileReference; lastKnownFileType = sourcecode.swift; path = AppDelegate.swift; sourceTree = "<group>"; };
		6019B9BE2D57DB6700E3F786 /* MainMenuViewController.swift */ = {isa = PBXFileReference; lastKnownFileType = sourcecode.swift; path = MainMenuViewController.swift; sourceTree = "<group>"; };
		6019B9C62D57DB6900E3F786 /* Base */ = {isa = PBXFileReference; lastKnownFileType = file.storyboard; name = Base; path = Base.lproj/LaunchScreen.storyboard; sourceTree = "<group>"; };
		6019B9C82D57DB6900E3F786 /* Info.plist */ = {isa = PBXFileReference; lastKnownFileType = text.plist.xml; path = Info.plist; sourceTree = "<group>"; };
		6019B9D32D57E0A800E3F786 /* Palette.swift */ = {isa = PBXFileReference; lastKnownFileType = sourcecode.swift; path = Palette.swift; sourceTree = "<group>"; };
		6019B9D52D57E0ED00E3F786 /* Fonts.swift */ = {isa = PBXFileReference; lastKnownFileType = sourcecode.swift; path = Fonts.swift; sourceTree = "<group>"; };
		6019B9DF2D57EFC500E3F786 /* CommonButton.swift */ = {isa = PBXFileReference; lastKnownFileType = sourcecode.swift; path = CommonButton.swift; sourceTree = "<group>"; };
		6019B9E82D5A9DA000E3F786 /* AudioPlayerService.swift */ = {isa = PBXFileReference; lastKnownFileType = sourcecode.swift; path = AudioPlayerService.swift; sourceTree = "<group>"; };
		6019B9EB2D5AA10B00E3F786 /* themeOne.mp3 */ = {isa = PBXFileReference; lastKnownFileType = audio.mp3; path = themeOne.mp3; sourceTree = "<group>"; };
		6019B9EC2D5AA10B00E3F786 /* counterOne.mp3 */ = {isa = PBXFileReference; lastKnownFileType = audio.mp3; path = counterOne.mp3; sourceTree = "<group>"; };
		6019B9ED2D5AA10B00E3F786 /* boomOne.mp3 */ = {isa = PBXFileReference; lastKnownFileType = audio.mp3; path = boomOne.mp3; sourceTree = "<group>"; };
		7C4040CC2D5D1C9800BDCEBD /* Assets.xcassets */ = {isa = PBXFileReference; lastKnownFileType = folder.assetcatalog; path = Assets.xcassets; sourceTree = "<group>"; };
		F33D64542D596B1700F3BBD7 /* CategoryViewController.swift */ = {isa = PBXFileReference; fileEncoding = 4; lastKnownFileType = sourcecode.swift; name = CategoryViewController.swift; path = BombGame/Modules/Categories/CategoryViewController.swift; sourceTree = SOURCE_ROOT; };
		F33D64552D596B1700F3BBD7 /* CategoryCell.swift */ = {isa = PBXFileReference; fileEncoding = 4; lastKnownFileType = sourcecode.swift; name = CategoryCell.swift; path = BombGame/CommonUI/CategoryCell.swift; sourceTree = SOURCE_ROOT; };
		F33D64582D596B2300F3BBD7 /* Constants.swift */ = {isa = PBXFileReference; fileEncoding = 4; lastKnownFileType = sourcecode.swift; name = Constants.swift; path = BombGame/Utilites/Constants.swift; sourceTree = SOURCE_ROOT; };
		F33D645A2D596B2A00F3BBD7 /* RoundedView.swift */ = {isa = PBXFileReference; fileEncoding = 4; lastKnownFileType = sourcecode.swift; name = RoundedView.swift; path = BombGame/CommonUI/RoundedView.swift; sourceTree = SOURCE_ROOT; };
		F395CF712D5BB90B007EED4E /* GameViewController.swift */ = {isa = PBXFileReference; lastKnownFileType = sourcecode.swift; path = GameViewController.swift; sourceTree = "<group>"; };
		F395CF7B2D5BEA95007EED4E /* bomb2.json */ = {isa = PBXFileReference; fileEncoding = 4; lastKnownFileType = text.json; path = bomb2.json; sourceTree = "<group>"; };
/* End PBXFileReference section */

/* Begin PBXFrameworksBuildPhase section */
		6019B9B42D57DB6700E3F786 /* Frameworks */ = {
			isa = PBXFrameworksBuildPhase;
			buildActionMask = 2147483647;
			files = (
				F395CF762D5BB970007EED4E /* Lottie in Frameworks */,
			);
			runOnlyForDeploymentPostprocessing = 0;
		};
/* End PBXFrameworksBuildPhase section */

/* Begin PBXGroup section */
		6019B9AE2D57DB6700E3F786 = {
			isa = PBXGroup;
			children = (
				6019B9B92D57DB6700E3F786 /* BombGame */,
				6019B9B82D57DB6700E3F786 /* Products */,
			);
			sourceTree = "<group>";
		};
		6019B9B82D57DB6700E3F786 /* Products */ = {
			isa = PBXGroup;
			children = (
				6019B9B72D57DB6700E3F786 /* BombGame.app */,
			);
			name = Products;
			sourceTree = "<group>";
		};
		6019B9B92D57DB6700E3F786 /* BombGame */ = {
			isa = PBXGroup;
			children = (
				6019B9CE2D57DDB400E3F786 /* Application */,
				6019B9DE2D57EFAE00E3F786 /* CommonUI */,
				6019B9CF2D57DDC400E3F786 /* Modules */,
				6019B9D22D57E08200E3F786 /* Utilites */,
				6019B9D02D57DDD400E3F786 /* Resources */,
			);
			path = BombGame;
			sourceTree = "<group>";
		};
		6019B9CE2D57DDB400E3F786 /* Application */ = {
			isa = PBXGroup;
			children = (
				6019B9BA2D57DB6700E3F786 /* AppDelegate.swift */,
			);
			path = Application;
			sourceTree = "<group>";
		};
		6019B9CF2D57DDC400E3F786 /* Modules */ = {
			isa = PBXGroup;
			children = (
				F33D645C2D5A7A9300F3BBD7 /* Categories */,
				6019B9D12D57DF3F00E3F786 /* MainMenu */,
				F395CF732D5BB910007EED4E /* Game */,
			);
			path = Modules;
			sourceTree = "<group>";
		};
		6019B9D02D57DDD400E3F786 /* Resources */ = {
			isa = PBXGroup;
			children = (
				6019B9EA2D5AA10000E3F786 /* Sounds */,
				7C4040CC2D5D1C9800BDCEBD /* Assets.xcassets */,
				F395CF7B2D5BEA95007EED4E /* bomb2.json */,
				6019B9C52D57DB6900E3F786 /* LaunchScreen.storyboard */,
				6019B9C82D57DB6900E3F786 /* Info.plist */,
			);
			path = Resources;
			sourceTree = "<group>";
		};
		6019B9D12D57DF3F00E3F786 /* MainMenu */ = {
			isa = PBXGroup;
			children = (
				6019B9BE2D57DB6700E3F786 /* MainMenuViewController.swift */,
			);
			path = MainMenu;
			sourceTree = "<group>";
		};
		6019B9D22D57E08200E3F786 /* Utilites */ = {
			isa = PBXGroup;
			children = (
				6019B9D32D57E0A800E3F786 /* Palette.swift */,
				6019B9D52D57E0ED00E3F786 /* Fonts.swift */,
				F33D64582D596B2300F3BBD7 /* Constants.swift */,
				6019B9E82D5A9DA000E3F786 /* AudioPlayerService.swift */,
			);
			path = Utilites;
			sourceTree = "<group>";
		};
		6019B9DE2D57EFAE00E3F786 /* CommonUI */ = {
			isa = PBXGroup;
			children = (
				6019B9DF2D57EFC500E3F786 /* CommonButton.swift */,
				F33D64552D596B1700F3BBD7 /* CategoryCell.swift */,
				F33D645A2D596B2A00F3BBD7 /* RoundedView.swift */,
			);
			path = CommonUI;
			sourceTree = "<group>";
		};
		6019B9EA2D5AA10000E3F786 /* Sounds */ = {
			isa = PBXGroup;
			children = (
				6019B9ED2D5AA10B00E3F786 /* boomOne.mp3 */,
				6019B9EC2D5AA10B00E3F786 /* counterOne.mp3 */,
				6019B9EB2D5AA10B00E3F786 /* themeOne.mp3 */,
			);
			path = Sounds;
			sourceTree = "<group>";
		};
		F33D645C2D5A7A9300F3BBD7 /* Categories */ = {
			isa = PBXGroup;
			children = (
				F33D64542D596B1700F3BBD7 /* CategoryViewController.swift */,
				47BDA93D2D5DF97D00A43D29 /* HelpCategoryViewController.swift */,
			);
			path = Categories;
			sourceTree = "<group>";
		};
		F395CF732D5BB910007EED4E /* Game */ = {
			isa = PBXGroup;
			children = (
				F395CF712D5BB90B007EED4E /* GameViewController.swift */,
			);
			path = Game;
			sourceTree = "<group>";
		};
/* End PBXGroup section */

/* Begin PBXNativeTarget section */
		6019B9B62D57DB6700E3F786 /* BombGame */ = {
			isa = PBXNativeTarget;
			buildConfigurationList = 6019B9CB2D57DB6900E3F786 /* Build configuration list for PBXNativeTarget "BombGame" */;
			buildPhases = (
				6019B9B32D57DB6700E3F786 /* Sources */,
				6019B9B42D57DB6700E3F786 /* Frameworks */,
				6019B9B52D57DB6700E3F786 /* Resources */,
			);
			buildRules = (
			);
			dependencies = (
			);
			name = BombGame;
			packageProductDependencies = (
				F395CF752D5BB970007EED4E /* Lottie */,
			);
			productName = BombGame;
			productReference = 6019B9B72D57DB6700E3F786 /* BombGame.app */;
			productType = "com.apple.product-type.application";
		};
/* End PBXNativeTarget section */

/* Begin PBXProject section */
		6019B9AF2D57DB6700E3F786 /* Project object */ = {
			isa = PBXProject;
			attributes = {
				BuildIndependentTargetsInParallel = 1;
				LastSwiftUpdateCheck = 1540;
				LastUpgradeCheck = 1540;
				TargetAttributes = {
					6019B9B62D57DB6700E3F786 = {
						CreatedOnToolsVersion = 15.4;
					};
				};
			};
			buildConfigurationList = 6019B9B22D57DB6700E3F786 /* Build configuration list for PBXProject "BombGame" */;
			compatibilityVersion = "Xcode 14.0";
			developmentRegion = en;
			hasScannedForEncodings = 0;
			knownRegions = (
				en,
				Base,
			);
			mainGroup = 6019B9AE2D57DB6700E3F786;
			packageReferences = (
				F395CF742D5BB970007EED4E /* XCRemoteSwiftPackageReference "lottie-spm" */,
			);
			productRefGroup = 6019B9B82D57DB6700E3F786 /* Products */;
			projectDirPath = "";
			projectRoot = "";
			targets = (
				6019B9B62D57DB6700E3F786 /* BombGame */,
			);
		};
/* End PBXProject section */

/* Begin PBXResourcesBuildPhase section */
		6019B9B52D57DB6700E3F786 /* Resources */ = {
			isa = PBXResourcesBuildPhase;
			buildActionMask = 2147483647;
			files = (
				6019B9EE2D5AA10B00E3F786 /* themeOne.mp3 in Resources */,
				6019B9EF2D5AA10B00E3F786 /* counterOne.mp3 in Resources */,
				6019B9F02D5AA10B00E3F786 /* boomOne.mp3 in Resources */,
				F395CF7C2D5BEA95007EED4E /* bomb2.json in Resources */,
				6021CEBD2D5D2C45002A8D5F /* Assets.xcassets in Resources */,
				6019B9C72D57DB6900E3F786 /* Base in Resources */,
			);
			runOnlyForDeploymentPostprocessing = 0;
		};
/* End PBXResourcesBuildPhase section */

/* Begin PBXSourcesBuildPhase section */
		6019B9B32D57DB6700E3F786 /* Sources */ = {
			isa = PBXSourcesBuildPhase;
			buildActionMask = 2147483647;
			files = (
				6019B9E62D5A9A9300E3F786 /* MainMenuViewController.swift in Sources */,
				F33D64572D596B1700F3BBD7 /* CategoryCell.swift in Sources */,
				6019B9D62D57E0ED00E3F786 /* Fonts.swift in Sources */,
				F33D64562D596B1700F3BBD7 /* CategoryViewController.swift in Sources */,
				6019B9E02D57EFC500E3F786 /* CommonButton.swift in Sources */,
				6019B9E92D5A9DA000E3F786 /* AudioPlayerService.swift in Sources */,
				47BDA93E2D5DF97D00A43D29 /* HelpCategoryViewController.swift in Sources */,
				F33D645B2D596B2A00F3BBD7 /* RoundedView.swift in Sources */,
				6019B9D42D57E0A800E3F786 /* Palette.swift in Sources */,
				F33D64592D596B2300F3BBD7 /* Constants.swift in Sources */,
				F395CF722D5BB90B007EED4E /* GameViewController.swift in Sources */,
				6019B9BB2D57DB6700E3F786 /* AppDelegate.swift in Sources */,
			);
			runOnlyForDeploymentPostprocessing = 0;
		};
/* End PBXSourcesBuildPhase section */

/* Begin PBXVariantGroup section */
		6019B9C52D57DB6900E3F786 /* LaunchScreen.storyboard */ = {
			isa = PBXVariantGroup;
			children = (
				6019B9C62D57DB6900E3F786 /* Base */,
			);
			name = LaunchScreen.storyboard;
			sourceTree = "<group>";
		};
/* End PBXVariantGroup section */

/* Begin XCBuildConfiguration section */
		6019B9C92D57DB6900E3F786 /* Debug */ = {
			isa = XCBuildConfiguration;
			buildSettings = {
				ALWAYS_SEARCH_USER_PATHS = NO;
				ASSETCATALOG_COMPILER_GENERATE_SWIFT_ASSET_SYMBOL_EXTENSIONS = YES;
				CLANG_ANALYZER_NONNULL = YES;
				CLANG_ANALYZER_NUMBER_OBJECT_CONVERSION = YES_AGGRESSIVE;
				CLANG_CXX_LANGUAGE_STANDARD = "gnu++20";
				CLANG_ENABLE_MODULES = YES;
				CLANG_ENABLE_OBJC_ARC = YES;
				CLANG_ENABLE_OBJC_WEAK = YES;
				CLANG_WARN_BLOCK_CAPTURE_AUTORELEASING = YES;
				CLANG_WARN_BOOL_CONVERSION = YES;
				CLANG_WARN_COMMA = YES;
				CLANG_WARN_CONSTANT_CONVERSION = YES;
				CLANG_WARN_DEPRECATED_OBJC_IMPLEMENTATIONS = YES;
				CLANG_WARN_DIRECT_OBJC_ISA_USAGE = YES_ERROR;
				CLANG_WARN_DOCUMENTATION_COMMENTS = YES;
				CLANG_WARN_EMPTY_BODY = YES;
				CLANG_WARN_ENUM_CONVERSION = YES;
				CLANG_WARN_INFINITE_RECURSION = YES;
				CLANG_WARN_INT_CONVERSION = YES;
				CLANG_WARN_NON_LITERAL_NULL_CONVERSION = YES;
				CLANG_WARN_OBJC_IMPLICIT_RETAIN_SELF = YES;
				CLANG_WARN_OBJC_LITERAL_CONVERSION = YES;
				CLANG_WARN_OBJC_ROOT_CLASS = YES_ERROR;
				CLANG_WARN_QUOTED_INCLUDE_IN_FRAMEWORK_HEADER = YES;
				CLANG_WARN_RANGE_LOOP_ANALYSIS = YES;
				CLANG_WARN_STRICT_PROTOTYPES = YES;
				CLANG_WARN_SUSPICIOUS_MOVE = YES;
				CLANG_WARN_UNGUARDED_AVAILABILITY = YES_AGGRESSIVE;
				CLANG_WARN_UNREACHABLE_CODE = YES;
				CLANG_WARN__DUPLICATE_METHOD_MATCH = YES;
				COPY_PHASE_STRIP = NO;
				DEBUG_INFORMATION_FORMAT = dwarf;
				ENABLE_STRICT_OBJC_MSGSEND = YES;
				ENABLE_TESTABILITY = YES;
				ENABLE_USER_SCRIPT_SANDBOXING = YES;
				GCC_C_LANGUAGE_STANDARD = gnu17;
				GCC_DYNAMIC_NO_PIC = NO;
				GCC_NO_COMMON_BLOCKS = YES;
				GCC_OPTIMIZATION_LEVEL = 0;
				GCC_PREPROCESSOR_DEFINITIONS = (
					"DEBUG=1",
					"$(inherited)",
				);
				GCC_WARN_64_TO_32_BIT_CONVERSION = YES;
				GCC_WARN_ABOUT_RETURN_TYPE = YES_ERROR;
				GCC_WARN_UNDECLARED_SELECTOR = YES;
				GCC_WARN_UNINITIALIZED_AUTOS = YES_AGGRESSIVE;
				GCC_WARN_UNUSED_FUNCTION = YES;
				GCC_WARN_UNUSED_VARIABLE = YES;
				IPHONEOS_DEPLOYMENT_TARGET = 17.5;
				LOCALIZATION_PREFERS_STRING_CATALOGS = YES;
				MTL_ENABLE_DEBUG_INFO = INCLUDE_SOURCE;
				MTL_FAST_MATH = YES;
				ONLY_ACTIVE_ARCH = YES;
				SDKROOT = iphoneos;
				SWIFT_ACTIVE_COMPILATION_CONDITIONS = "DEBUG $(inherited)";
				SWIFT_OPTIMIZATION_LEVEL = "-Onone";
			};
			name = Debug;
		};
		6019B9CA2D57DB6900E3F786 /* Release */ = {
			isa = XCBuildConfiguration;
			buildSettings = {
				ALWAYS_SEARCH_USER_PATHS = NO;
				ASSETCATALOG_COMPILER_GENERATE_SWIFT_ASSET_SYMBOL_EXTENSIONS = YES;
				CLANG_ANALYZER_NONNULL = YES;
				CLANG_ANALYZER_NUMBER_OBJECT_CONVERSION = YES_AGGRESSIVE;
				CLANG_CXX_LANGUAGE_STANDARD = "gnu++20";
				CLANG_ENABLE_MODULES = YES;
				CLANG_ENABLE_OBJC_ARC = YES;
				CLANG_ENABLE_OBJC_WEAK = YES;
				CLANG_WARN_BLOCK_CAPTURE_AUTORELEASING = YES;
				CLANG_WARN_BOOL_CONVERSION = YES;
				CLANG_WARN_COMMA = YES;
				CLANG_WARN_CONSTANT_CONVERSION = YES;
				CLANG_WARN_DEPRECATED_OBJC_IMPLEMENTATIONS = YES;
				CLANG_WARN_DIRECT_OBJC_ISA_USAGE = YES_ERROR;
				CLANG_WARN_DOCUMENTATION_COMMENTS = YES;
				CLANG_WARN_EMPTY_BODY = YES;
				CLANG_WARN_ENUM_CONVERSION = YES;
				CLANG_WARN_INFINITE_RECURSION = YES;
				CLANG_WARN_INT_CONVERSION = YES;
				CLANG_WARN_NON_LITERAL_NULL_CONVERSION = YES;
				CLANG_WARN_OBJC_IMPLICIT_RETAIN_SELF = YES;
				CLANG_WARN_OBJC_LITERAL_CONVERSION = YES;
				CLANG_WARN_OBJC_ROOT_CLASS = YES_ERROR;
				CLANG_WARN_QUOTED_INCLUDE_IN_FRAMEWORK_HEADER = YES;
				CLANG_WARN_RANGE_LOOP_ANALYSIS = YES;
				CLANG_WARN_STRICT_PROTOTYPES = YES;
				CLANG_WARN_SUSPICIOUS_MOVE = YES;
				CLANG_WARN_UNGUARDED_AVAILABILITY = YES_AGGRESSIVE;
				CLANG_WARN_UNREACHABLE_CODE = YES;
				CLANG_WARN__DUPLICATE_METHOD_MATCH = YES;
				COPY_PHASE_STRIP = NO;
				DEBUG_INFORMATION_FORMAT = "dwarf-with-dsym";
				ENABLE_NS_ASSERTIONS = NO;
				ENABLE_STRICT_OBJC_MSGSEND = YES;
				ENABLE_USER_SCRIPT_SANDBOXING = YES;
				GCC_C_LANGUAGE_STANDARD = gnu17;
				GCC_NO_COMMON_BLOCKS = YES;
				GCC_WARN_64_TO_32_BIT_CONVERSION = YES;
				GCC_WARN_ABOUT_RETURN_TYPE = YES_ERROR;
				GCC_WARN_UNDECLARED_SELECTOR = YES;
				GCC_WARN_UNINITIALIZED_AUTOS = YES_AGGRESSIVE;
				GCC_WARN_UNUSED_FUNCTION = YES;
				GCC_WARN_UNUSED_VARIABLE = YES;
				IPHONEOS_DEPLOYMENT_TARGET = 17.5;
				LOCALIZATION_PREFERS_STRING_CATALOGS = YES;
				MTL_ENABLE_DEBUG_INFO = NO;
				MTL_FAST_MATH = YES;
				SDKROOT = iphoneos;
				SWIFT_COMPILATION_MODE = wholemodule;
				VALIDATE_PRODUCT = YES;
			};
			name = Release;
		};
		6019B9CC2D57DB6900E3F786 /* Debug */ = {
			isa = XCBuildConfiguration;
			buildSettings = {
				ASSETCATALOG_COMPILER_APPICON_NAME = AppIcon;
				ASSETCATALOG_COMPILER_GLOBAL_ACCENT_COLOR_NAME = AccentColor;
				CODE_SIGN_STYLE = Automatic;
				CURRENT_PROJECT_VERSION = 1;
				DEVELOPMENT_TEAM = TVNB4R4JHD;
				GENERATE_INFOPLIST_FILE = YES;
				INFOPLIST_FILE = BombGame/Resources/Info.plist;
				INFOPLIST_KEY_UIApplicationSupportsIndirectInputEvents = YES;
				INFOPLIST_KEY_UILaunchStoryboardName = LaunchScreen;
				INFOPLIST_KEY_UISupportedInterfaceOrientations = UIInterfaceOrientationPortrait;
				INFOPLIST_KEY_UISupportedInterfaceOrientations_iPad = "UIInterfaceOrientationLandscapeLeft UIInterfaceOrientationLandscapeRight UIInterfaceOrientationPortrait UIInterfaceOrientationPortraitUpsideDown";
				IPHONEOS_DEPLOYMENT_TARGET = 16.0;
				LD_RUNPATH_SEARCH_PATHS = (
					"$(inherited)",
					"@executable_path/Frameworks",
				);
				MARKETING_VERSION = 1.0;
				PRODUCT_BUNDLE_IDENTIFIER = com.nikolayignatov.BombGame;
				PRODUCT_NAME = "$(TARGET_NAME)";
				SUPPORTED_PLATFORMS = "iphoneos iphonesimulator";
				SUPPORTS_MACCATALYST = NO;
				SUPPORTS_MAC_DESIGNED_FOR_IPHONE_IPAD = NO;
				SUPPORTS_XR_DESIGNED_FOR_IPHONE_IPAD = NO;
				SWIFT_EMIT_LOC_STRINGS = YES;
				SWIFT_VERSION = 5.0;
				TARGETED_DEVICE_FAMILY = 1;
			};
			name = Debug;
		};
		6019B9CD2D57DB6900E3F786 /* Release */ = {
			isa = XCBuildConfiguration;
			buildSettings = {
				ASSETCATALOG_COMPILER_APPICON_NAME = AppIcon;
				ASSETCATALOG_COMPILER_GLOBAL_ACCENT_COLOR_NAME = AccentColor;
				CODE_SIGN_STYLE = Automatic;
				CURRENT_PROJECT_VERSION = 1;
				DEVELOPMENT_TEAM = TVNB4R4JHD;
				GENERATE_INFOPLIST_FILE = YES;
				INFOPLIST_FILE = BombGame/Resources/Info.plist;
				INFOPLIST_KEY_UIApplicationSupportsIndirectInputEvents = YES;
				INFOPLIST_KEY_UILaunchStoryboardName = LaunchScreen;
				INFOPLIST_KEY_UISupportedInterfaceOrientations = UIInterfaceOrientationPortrait;
				INFOPLIST_KEY_UISupportedInterfaceOrientations_iPad = "UIInterfaceOrientationLandscapeLeft UIInterfaceOrientationLandscapeRight UIInterfaceOrientationPortrait UIInterfaceOrientationPortraitUpsideDown";
				IPHONEOS_DEPLOYMENT_TARGET = 16.0;
				LD_RUNPATH_SEARCH_PATHS = (
					"$(inherited)",
					"@executable_path/Frameworks",
				);
				MARKETING_VERSION = 1.0;
				PRODUCT_BUNDLE_IDENTIFIER = com.nikolayignatov.BombGame;
				PRODUCT_NAME = "$(TARGET_NAME)";
				SUPPORTED_PLATFORMS = "iphoneos iphonesimulator";
				SUPPORTS_MACCATALYST = NO;
				SUPPORTS_MAC_DESIGNED_FOR_IPHONE_IPAD = NO;
				SUPPORTS_XR_DESIGNED_FOR_IPHONE_IPAD = NO;
				SWIFT_EMIT_LOC_STRINGS = YES;
				SWIFT_VERSION = 5.0;
				TARGETED_DEVICE_FAMILY = 1;
			};
			name = Release;
		};
/* End XCBuildConfiguration section */

/* Begin XCConfigurationList section */
		6019B9B22D57DB6700E3F786 /* Build configuration list for PBXProject "BombGame" */ = {
			isa = XCConfigurationList;
			buildConfigurations = (
				6019B9C92D57DB6900E3F786 /* Debug */,
				6019B9CA2D57DB6900E3F786 /* Release */,
			);
			defaultConfigurationIsVisible = 0;
			defaultConfigurationName = Release;
		};
		6019B9CB2D57DB6900E3F786 /* Build configuration list for PBXNativeTarget "BombGame" */ = {
			isa = XCConfigurationList;
			buildConfigurations = (
				6019B9CC2D57DB6900E3F786 /* Debug */,
				6019B9CD2D57DB6900E3F786 /* Release */,
			);
			defaultConfigurationIsVisible = 0;
			defaultConfigurationName = Release;
		};
/* End XCConfigurationList section */

/* Begin XCRemoteSwiftPackageReference section */
		F395CF742D5BB970007EED4E /* XCRemoteSwiftPackageReference "lottie-spm" */ = {
			isa = XCRemoteSwiftPackageReference;
			repositoryURL = "https://github.com/airbnb/lottie-spm";
			requirement = {
				kind = upToNextMajorVersion;
				minimumVersion = 4.5.1;
			};
		};
/* End XCRemoteSwiftPackageReference section */

/* Begin XCSwiftPackageProductDependency section */
		F395CF752D5BB970007EED4E /* Lottie */ = {
			isa = XCSwiftPackageProductDependency;
			package = F395CF742D5BB970007EED4E /* XCRemoteSwiftPackageReference "lottie-spm" */;
			productName = Lottie;
		};
/* End XCSwiftPackageProductDependency section */
	};
	rootObject = 6019B9AF2D57DB6700E3F786 /* Project object */;
}
